
Microsoft Visual Studio Solution File, Format Version 12.00
Project("{FAE04EC0-301F-11D3-BF4B-00C04F79EFBC}") = "Uno.CanvasSample.Skia.Gtk", "Uno.CanvasSample\Uno.CanvasSample.Skia.Gtk\Uno.CanvasSample.Skia.Gtk.csproj", "{81C9C12E-E22B-48B7-99B8-5A3218866948}"
EndProject
Project("{FAE04EC0-301F-11D3-BF4B-00C04F79EFBC}") = "Uno.CanvasSample.Skia.WPF", "Uno.CanvasSample\Uno.CanvasSample.Skia.WPF\Uno.CanvasSample.Skia.WPF.csproj", "{C442A100-4C28-4A54-9A0B-458BE7ED4FF3}"
EndProject
Project("{FAE04EC0-301F-11D3-BF4B-00C04F79EFBC}") = "Uno.CanvasSample.Skia.Wpf.Host", "Uno.CanvasSample\Uno.CanvasSample.Skia.WPF.Host\Uno.CanvasSample.Skia.Wpf.Host.csproj", "{2CB85334-9EE8-4A68-BBAD-83AC317127D0}"
EndProject
Project("{FAE04EC0-301F-11D3-BF4B-00C04F79EFBC}") = "Uno.CanvasSample.Uwp", "Uno.CanvasSample\Uno.CanvasSample.UWP\Uno.CanvasSample.Uwp.csproj", "{F12EDD6A-A45B-4640-9C03-9A3F2EDA4A8A}"
EndProject
Project("{FAE04EC0-301F-11D3-BF4B-00C04F79EFBC}") = "Uno.CanvasSample.Wasm", "Uno.CanvasSample\Uno.CanvasSample.Wasm\Uno.CanvasSample.Wasm.csproj", "{D491E7AF-2BC0-466E-8F6E-3EF21250C3D9}"
EndProject
Project("{D954291E-2A0B-460D-934E-DC6B0785DB48}") = "Uno.CanvasSample.Shared", "Uno.CanvasSample\Uno.CanvasSample.Shared\Uno.CanvasSample.Shared.shproj", "{6279C845-92F8-4333-AB99-3D213163593C}"
EndProject
Global
	GlobalSection(SolutionConfigurationPlatforms) = preSolution
		Ad-Hoc|iPhone = Ad-Hoc|iPhone
		AppStore|iPhone = AppStore|iPhone
		Debug|Any CPU = Debug|Any CPU
		Debug|ARM = Debug|ARM
		Debug|ARM64 = Debug|ARM64
		Debug|iPhone = Debug|iPhone
		Debug|iPhoneSimulator = Debug|iPhoneSimulator
		Debug|x64 = Debug|x64
		Debug|x86 = Debug|x86
		Release|Any CPU = Release|Any CPU
		Release|ARM = Release|ARM
		Release|ARM64 = Release|ARM64
		Release|iPhone = Release|iPhone
		Release|iPhoneSimulator = Release|iPhoneSimulator
		Release|x64 = Release|x64
		Release|x86 = Release|x86
	EndGlobalSection
	GlobalSection(ProjectConfigurationPlatforms) = postSolution
		{81C9C12E-E22B-48B7-99B8-5A3218866948}.Ad-Hoc|iPhone.ActiveCfg = Debug|Any CPU
		{81C9C12E-E22B-48B7-99B8-5A3218866948}.Ad-Hoc|iPhone.Build.0 = Debug|Any CPU
		{81C9C12E-E22B-48B7-99B8-5A3218866948}.Ad-Hoc|iPhone.Deploy.0 = Debug|Any CPU
		{81C9C12E-E22B-48B7-99B8-5A3218866948}.AppStore|iPhone.ActiveCfg = Debug|Any CPU
		{81C9C12E-E22B-48B7-99B8-5A3218866948}.AppStore|iPhone.Build.0 = Debug|Any CPU
		{81C9C12E-E22B-48B7-99B8-5A3218866948}.AppStore|iPhone.Deploy.0 = Debug|Any CPU
		{81C9C12E-E22B-48B7-99B8-5A3218866948}.Debug|Any CPU.ActiveCfg = Debug|Any CPU
		{81C9C12E-E22B-48B7-99B8-5A3218866948}.Debug|Any CPU.Build.0 = Debug|Any CPU
		{81C9C12E-E22B-48B7-99B8-5A3218866948}.Debug|Any CPU.Deploy.0 = Debug|Any CPU
		{81C9C12E-E22B-48B7-99B8-5A3218866948}.Debug|ARM.ActiveCfg = Debug|Any CPU
		{81C9C12E-E22B-48B7-99B8-5A3218866948}.Debug|ARM.Build.0 = Debug|Any CPU
		{81C9C12E-E22B-48B7-99B8-5A3218866948}.Debug|ARM.Deploy.0 = Debug|Any CPU
		{81C9C12E-E22B-48B7-99B8-5A3218866948}.Debug|ARM64.ActiveCfg = Debug|Any CPU
		{81C9C12E-E22B-48B7-99B8-5A3218866948}.Debug|ARM64.Build.0 = Debug|Any CPU
		{81C9C12E-E22B-48B7-99B8-5A3218866948}.Debug|ARM64.Deploy.0 = Debug|Any CPU
		{81C9C12E-E22B-48B7-99B8-5A3218866948}.Debug|iPhone.ActiveCfg = Debug|Any CPU
		{81C9C12E-E22B-48B7-99B8-5A3218866948}.Debug|iPhone.Build.0 = Debug|Any CPU
		{81C9C12E-E22B-48B7-99B8-5A3218866948}.Debug|iPhone.Deploy.0 = Debug|Any CPU
		{81C9C12E-E22B-48B7-99B8-5A3218866948}.Debug|iPhoneSimulator.ActiveCfg = Debug|Any CPU
		{81C9C12E-E22B-48B7-99B8-5A3218866948}.Debug|iPhoneSimulator.Build.0 = Debug|Any CPU
		{81C9C12E-E22B-48B7-99B8-5A3218866948}.Debug|iPhoneSimulator.Deploy.0 = Debug|Any CPU
		{81C9C12E-E22B-48B7-99B8-5A3218866948}.Debug|x64.ActiveCfg = Debug|Any CPU
		{81C9C12E-E22B-48B7-99B8-5A3218866948}.Debug|x64.Build.0 = Debug|Any CPU
		{81C9C12E-E22B-48B7-99B8-5A3218866948}.Debug|x64.Deploy.0 = Debug|Any CPU
		{81C9C12E-E22B-48B7-99B8-5A3218866948}.Debug|x86.ActiveCfg = Debug|Any CPU
		{81C9C12E-E22B-48B7-99B8-5A3218866948}.Debug|x86.Build.0 = Debug|Any CPU
		{81C9C12E-E22B-48B7-99B8-5A3218866948}.Debug|x86.Deploy.0 = Debug|Any CPU
		{81C9C12E-E22B-48B7-99B8-5A3218866948}.Release|Any CPU.ActiveCfg = Release|Any CPU
		{81C9C12E-E22B-48B7-99B8-5A3218866948}.Release|Any CPU.Build.0 = Release|Any CPU
		{81C9C12E-E22B-48B7-99B8-5A3218866948}.Release|Any CPU.Deploy.0 = Release|Any CPU
		{81C9C12E-E22B-48B7-99B8-5A3218866948}.Release|ARM.ActiveCfg = Release|Any CPU
		{81C9C12E-E22B-48B7-99B8-5A3218866948}.Release|ARM.Build.0 = Release|Any CPU
		{81C9C12E-E22B-48B7-99B8-5A3218866948}.Release|ARM.Deploy.0 = Release|Any CPU
		{81C9C12E-E22B-48B7-99B8-5A3218866948}.Release|ARM64.ActiveCfg = Release|Any CPU
		{81C9C12E-E22B-48B7-99B8-5A3218866948}.Release|ARM64.Build.0 = Release|Any CPU
		{81C9C12E-E22B-48B7-99B8-5A3218866948}.Release|ARM64.Deploy.0 = Release|Any CPU
		{81C9C12E-E22B-48B7-99B8-5A3218866948}.Release|iPhone.ActiveCfg = Release|Any CPU
		{81C9C12E-E22B-48B7-99B8-5A3218866948}.Release|iPhone.Build.0 = Release|Any CPU
		{81C9C12E-E22B-48B7-99B8-5A3218866948}.Release|iPhone.Deploy.0 = Release|Any CPU
		{81C9C12E-E22B-48B7-99B8-5A3218866948}.Release|iPhoneSimulator.ActiveCfg = Release|Any CPU
		{81C9C12E-E22B-48B7-99B8-5A3218866948}.Release|iPhoneSimulator.Build.0 = Release|Any CPU
		{81C9C12E-E22B-48B7-99B8-5A3218866948}.Release|iPhoneSimulator.Deploy.0 = Release|Any CPU
		{81C9C12E-E22B-48B7-99B8-5A3218866948}.Release|x64.ActiveCfg = Release|Any CPU
		{81C9C12E-E22B-48B7-99B8-5A3218866948}.Release|x64.Build.0 = Release|Any CPU
		{81C9C12E-E22B-48B7-99B8-5A3218866948}.Release|x64.Deploy.0 = Release|Any CPU
		{81C9C12E-E22B-48B7-99B8-5A3218866948}.Release|x86.ActiveCfg = Release|Any CPU
		{81C9C12E-E22B-48B7-99B8-5A3218866948}.Release|x86.Build.0 = Release|Any CPU
		{81C9C12E-E22B-48B7-99B8-5A3218866948}.Release|x86.Deploy.0 = Release|Any CPU
		{C442A100-4C28-4A54-9A0B-458BE7ED4FF3}.Ad-Hoc|iPhone.ActiveCfg = Debug|Any CPU
		{C442A100-4C28-4A54-9A0B-458BE7ED4FF3}.Ad-Hoc|iPhone.Build.0 = Debug|Any CPU
		{C442A100-4C28-4A54-9A0B-458BE7ED4FF3}.AppStore|iPhone.ActiveCfg = Debug|Any CPU
		{C442A100-4C28-4A54-9A0B-458BE7ED4FF3}.AppStore|iPhone.Build.0 = Debug|Any CPU
		{C442A100-4C28-4A54-9A0B-458BE7ED4FF3}.Debug|Any CPU.ActiveCfg = Debug|Any CPU
		{C442A100-4C28-4A54-9A0B-458BE7ED4FF3}.Debug|Any CPU.Build.0 = Debug|Any CPU
		{C442A100-4C28-4A54-9A0B-458BE7ED4FF3}.Debug|ARM.ActiveCfg = Debug|Any CPU
		{C442A100-4C28-4A54-9A0B-458BE7ED4FF3}.Debug|ARM.Build.0 = Debug|Any CPU
		{C442A100-4C28-4A54-9A0B-458BE7ED4FF3}.Debug|ARM64.ActiveCfg = Debug|Any CPU
		{C442A100-4C28-4A54-9A0B-458BE7ED4FF3}.Debug|ARM64.Build.0 = Debug|Any CPU
		{C442A100-4C28-4A54-9A0B-458BE7ED4FF3}.Debug|iPhone.ActiveCfg = Debug|Any CPU
		{C442A100-4C28-4A54-9A0B-458BE7ED4FF3}.Debug|iPhone.Build.0 = Debug|Any CPU
		{C442A100-4C28-4A54-9A0B-458BE7ED4FF3}.Debug|iPhoneSimulator.ActiveCfg = Debug|Any CPU
		{C442A100-4C28-4A54-9A0B-458BE7ED4FF3}.Debug|iPhoneSimulator.Build.0 = Debug|Any CPU
		{C442A100-4C28-4A54-9A0B-458BE7ED4FF3}.Debug|x64.ActiveCfg = Debug|Any CPU
		{C442A100-4C28-4A54-9A0B-458BE7ED4FF3}.Debug|x64.Build.0 = Debug|Any CPU
		{C442A100-4C28-4A54-9A0B-458BE7ED4FF3}.Debug|x86.ActiveCfg = Debug|Any CPU
		{C442A100-4C28-4A54-9A0B-458BE7ED4FF3}.Debug|x86.Build.0 = Debug|Any CPU
		{C442A100-4C28-4A54-9A0B-458BE7ED4FF3}.Release|Any CPU.ActiveCfg = Release|Any CPU
		{C442A100-4C28-4A54-9A0B-458BE7ED4FF3}.Release|Any CPU.Build.0 = Release|Any CPU
		{C442A100-4C28-4A54-9A0B-458BE7ED4FF3}.Release|ARM.ActiveCfg = Release|Any CPU
		{C442A100-4C28-4A54-9A0B-458BE7ED4FF3}.Release|ARM.Build.0 = Release|Any CPU
		{C442A100-4C28-4A54-9A0B-458BE7ED4FF3}.Release|ARM64.ActiveCfg = Release|Any CPU
		{C442A100-4C28-4A54-9A0B-458BE7ED4FF3}.Release|ARM64.Build.0 = Release|Any CPU
		{C442A100-4C28-4A54-9A0B-458BE7ED4FF3}.Release|iPhone.ActiveCfg = Release|Any CPU
		{C442A100-4C28-4A54-9A0B-458BE7ED4FF3}.Release|iPhone.Build.0 = Release|Any CPU
		{C442A100-4C28-4A54-9A0B-458BE7ED4FF3}.Release|iPhoneSimulator.ActiveCfg = Release|Any CPU
		{C442A100-4C28-4A54-9A0B-458BE7ED4FF3}.Release|iPhoneSimulator.Build.0 = Release|Any CPU
		{C442A100-4C28-4A54-9A0B-458BE7ED4FF3}.Release|x64.ActiveCfg = Release|Any CPU
		{C442A100-4C28-4A54-9A0B-458BE7ED4FF3}.Release|x64.Build.0 = Release|Any CPU
		{C442A100-4C28-4A54-9A0B-458BE7ED4FF3}.Release|x86.ActiveCfg = Release|Any CPU
		{C442A100-4C28-4A54-9A0B-458BE7ED4FF3}.Release|x86.Build.0 = Release|Any CPU
		{2CB85334-9EE8-4A68-BBAD-83AC317127D0}.Ad-Hoc|iPhone.ActiveCfg = Debug|Any CPU
		{2CB85334-9EE8-4A68-BBAD-83AC317127D0}.Ad-Hoc|iPhone.Build.0 = Debug|Any CPU
		{2CB85334-9EE8-4A68-BBAD-83AC317127D0}.AppStore|iPhone.ActiveCfg = Debug|Any CPU
		{2CB85334-9EE8-4A68-BBAD-83AC317127D0}.AppStore|iPhone.Build.0 = Debug|Any CPU
		{2CB85334-9EE8-4A68-BBAD-83AC317127D0}.Debug|Any CPU.ActiveCfg = Debug|Any CPU
		{2CB85334-9EE8-4A68-BBAD-83AC317127D0}.Debug|Any CPU.Build.0 = Debug|Any CPU
		{2CB85334-9EE8-4A68-BBAD-83AC317127D0}.Debug|ARM.ActiveCfg = Debug|Any CPU
		{2CB85334-9EE8-4A68-BBAD-83AC317127D0}.Debug|ARM.Build.0 = Debug|Any CPU
		{2CB85334-9EE8-4A68-BBAD-83AC317127D0}.Debug|ARM64.ActiveCfg = Debug|Any CPU
		{2CB85334-9EE8-4A68-BBAD-83AC317127D0}.Debug|ARM64.Build.0 = Debug|Any CPU
		{2CB85334-9EE8-4A68-BBAD-83AC317127D0}.Debug|iPhone.ActiveCfg = Debug|Any CPU
		{2CB85334-9EE8-4A68-BBAD-83AC317127D0}.Debug|iPhone.Build.0 = Debug|Any CPU
		{2CB85334-9EE8-4A68-BBAD-83AC317127D0}.Debug|iPhoneSimulator.ActiveCfg = Debug|Any CPU
		{2CB85334-9EE8-4A68-BBAD-83AC317127D0}.Debug|iPhoneSimulator.Build.0 = Debug|Any CPU
		{2CB85334-9EE8-4A68-BBAD-83AC317127D0}.Debug|x64.ActiveCfg = Debug|Any CPU
		{2CB85334-9EE8-4A68-BBAD-83AC317127D0}.Debug|x64.Build.0 = Debug|Any CPU
		{2CB85334-9EE8-4A68-BBAD-83AC317127D0}.Debug|x86.ActiveCfg = Debug|Any CPU
		{2CB85334-9EE8-4A68-BBAD-83AC317127D0}.Debug|x86.Build.0 = Debug|Any CPU
		{2CB85334-9EE8-4A68-BBAD-83AC317127D0}.Release|Any CPU.ActiveCfg = Release|Any CPU
		{2CB85334-9EE8-4A68-BBAD-83AC317127D0}.Release|Any CPU.Build.0 = Release|Any CPU
		{2CB85334-9EE8-4A68-BBAD-83AC317127D0}.Release|ARM.ActiveCfg = Release|Any CPU
		{2CB85334-9EE8-4A68-BBAD-83AC317127D0}.Release|ARM.Build.0 = Release|Any CPU
		{2CB85334-9EE8-4A68-BBAD-83AC317127D0}.Release|ARM64.ActiveCfg = Release|Any CPU
		{2CB85334-9EE8-4A68-BBAD-83AC317127D0}.Release|ARM64.Build.0 = Release|Any CPU
		{2CB85334-9EE8-4A68-BBAD-83AC317127D0}.Release|iPhone.ActiveCfg = Release|Any CPU
		{2CB85334-9EE8-4A68-BBAD-83AC317127D0}.Release|iPhone.Build.0 = Release|Any CPU
		{2CB85334-9EE8-4A68-BBAD-83AC317127D0}.Release|iPhoneSimulator.ActiveCfg = Release|Any CPU
		{2CB85334-9EE8-4A68-BBAD-83AC317127D0}.Release|iPhoneSimulator.Build.0 = Release|Any CPU
		{2CB85334-9EE8-4A68-BBAD-83AC317127D0}.Release|x64.ActiveCfg = Release|Any CPU
		{2CB85334-9EE8-4A68-BBAD-83AC317127D0}.Release|x64.Build.0 = Release|Any CPU
		{2CB85334-9EE8-4A68-BBAD-83AC317127D0}.Release|x86.ActiveCfg = Release|Any CPU
		{2CB85334-9EE8-4A68-BBAD-83AC317127D0}.Release|x86.Build.0 = Release|Any CPU
		{F12EDD6A-A45B-4640-9C03-9A3F2EDA4A8A}.Ad-Hoc|iPhone.ActiveCfg = Debug|x86
		{F12EDD6A-A45B-4640-9C03-9A3F2EDA4A8A}.Ad-Hoc|iPhone.Build.0 = Debug|x86
		{F12EDD6A-A45B-4640-9C03-9A3F2EDA4A8A}.Ad-Hoc|iPhone.Deploy.0 = Debug|x86
		{F12EDD6A-A45B-4640-9C03-9A3F2EDA4A8A}.AppStore|iPhone.ActiveCfg = Debug|x86
		{F12EDD6A-A45B-4640-9C03-9A3F2EDA4A8A}.AppStore|iPhone.Build.0 = Debug|x86
		{F12EDD6A-A45B-4640-9C03-9A3F2EDA4A8A}.AppStore|iPhone.Deploy.0 = Debug|x86
		{F12EDD6A-A45B-4640-9C03-9A3F2EDA4A8A}.Debug|Any CPU.ActiveCfg = Debug|x86
		{F12EDD6A-A45B-4640-9C03-9A3F2EDA4A8A}.Debug|Any CPU.Build.0 = Debug|x86
		{F12EDD6A-A45B-4640-9C03-9A3F2EDA4A8A}.Debug|Any CPU.Deploy.0 = Debug|x86
		{F12EDD6A-A45B-4640-9C03-9A3F2EDA4A8A}.Debug|ARM.ActiveCfg = Debug|ARM
		{F12EDD6A-A45B-4640-9C03-9A3F2EDA4A8A}.Debug|ARM.Build.0 = Debug|ARM
		{F12EDD6A-A45B-4640-9C03-9A3F2EDA4A8A}.Debug|ARM.Deploy.0 = Debug|ARM
		{F12EDD6A-A45B-4640-9C03-9A3F2EDA4A8A}.Debug|ARM64.ActiveCfg = Debug|ARM64
		{F12EDD6A-A45B-4640-9C03-9A3F2EDA4A8A}.Debug|ARM64.Build.0 = Debug|ARM64
		{F12EDD6A-A45B-4640-9C03-9A3F2EDA4A8A}.Debug|ARM64.Deploy.0 = Debug|ARM64
		{F12EDD6A-A45B-4640-9C03-9A3F2EDA4A8A}.Debug|iPhone.ActiveCfg = Debug|x86
		{F12EDD6A-A45B-4640-9C03-9A3F2EDA4A8A}.Debug|iPhone.Build.0 = Debug|x86
		{F12EDD6A-A45B-4640-9C03-9A3F2EDA4A8A}.Debug|iPhone.Deploy.0 = Debug|x86
		{F12EDD6A-A45B-4640-9C03-9A3F2EDA4A8A}.Debug|iPhoneSimulator.ActiveCfg = Debug|x86
		{F12EDD6A-A45B-4640-9C03-9A3F2EDA4A8A}.Debug|iPhoneSimulator.Build.0 = Debug|x86
		{F12EDD6A-A45B-4640-9C03-9A3F2EDA4A8A}.Debug|iPhoneSimulator.Deploy.0 = Debug|x86
		{F12EDD6A-A45B-4640-9C03-9A3F2EDA4A8A}.Debug|x64.ActiveCfg = Debug|x64
		{F12EDD6A-A45B-4640-9C03-9A3F2EDA4A8A}.Debug|x64.Build.0 = Debug|x64
		{F12EDD6A-A45B-4640-9C03-9A3F2EDA4A8A}.Debug|x64.Deploy.0 = Debug|x64
		{F12EDD6A-A45B-4640-9C03-9A3F2EDA4A8A}.Debug|x86.ActiveCfg = Debug|x86
		{F12EDD6A-A45B-4640-9C03-9A3F2EDA4A8A}.Debug|x86.Build.0 = Debug|x86
		{F12EDD6A-A45B-4640-9C03-9A3F2EDA4A8A}.Debug|x86.Deploy.0 = Debug|x86
		{F12EDD6A-A45B-4640-9C03-9A3F2EDA4A8A}.Release|Any CPU.ActiveCfg = Release|x86
		{F12EDD6A-A45B-4640-9C03-9A3F2EDA4A8A}.Release|Any CPU.Build.0 = Release|x86
		{F12EDD6A-A45B-4640-9C03-9A3F2EDA4A8A}.Release|Any CPU.Deploy.0 = Release|x86
		{F12EDD6A-A45B-4640-9C03-9A3F2EDA4A8A}.Release|ARM.ActiveCfg = Release|ARM
		{F12EDD6A-A45B-4640-9C03-9A3F2EDA4A8A}.Release|ARM.Build.0 = Release|ARM
		{F12EDD6A-A45B-4640-9C03-9A3F2EDA4A8A}.Release|ARM.Deploy.0 = Release|ARM
		{F12EDD6A-A45B-4640-9C03-9A3F2EDA4A8A}.Release|ARM64.ActiveCfg = Release|ARM64
		{F12EDD6A-A45B-4640-9C03-9A3F2EDA4A8A}.Release|ARM64.Build.0 = Release|ARM64
		{F12EDD6A-A45B-4640-9C03-9A3F2EDA4A8A}.Release|ARM64.Deploy.0 = Release|ARM64
		{F12EDD6A-A45B-4640-9C03-9A3F2EDA4A8A}.Release|iPhone.ActiveCfg = Release|x86
		{F12EDD6A-A45B-4640-9C03-9A3F2EDA4A8A}.Release|iPhone.Build.0 = Release|x86
		{F12EDD6A-A45B-4640-9C03-9A3F2EDA4A8A}.Release|iPhone.Deploy.0 = Release|x86
		{F12EDD6A-A45B-4640-9C03-9A3F2EDA4A8A}.Release|iPhoneSimulator.ActiveCfg = Release|x86
		{F12EDD6A-A45B-4640-9C03-9A3F2EDA4A8A}.Release|iPhoneSimulator.Build.0 = Release|x86
		{F12EDD6A-A45B-4640-9C03-9A3F2EDA4A8A}.Release|iPhoneSimulator.Deploy.0 = Release|x86
		{F12EDD6A-A45B-4640-9C03-9A3F2EDA4A8A}.Release|x64.ActiveCfg = Release|x64
		{F12EDD6A-A45B-4640-9C03-9A3F2EDA4A8A}.Release|x64.Build.0 = Release|x64
		{F12EDD6A-A45B-4640-9C03-9A3F2EDA4A8A}.Release|x64.Deploy.0 = Release|x64
		{F12EDD6A-A45B-4640-9C03-9A3F2EDA4A8A}.Release|x86.ActiveCfg = Release|x86
		{F12EDD6A-A45B-4640-9C03-9A3F2EDA4A8A}.Release|x86.Build.0 = Release|x86
		{F12EDD6A-A45B-4640-9C03-9A3F2EDA4A8A}.Release|x86.Deploy.0 = Release|x86
		{D491E7AF-2BC0-466E-8F6E-3EF21250C3D9}.Ad-Hoc|iPhone.ActiveCfg = Debug|Any CPU
		{D491E7AF-2BC0-466E-8F6E-3EF21250C3D9}.Ad-Hoc|iPhone.Build.0 = Debug|Any CPU
		{D491E7AF-2BC0-466E-8F6E-3EF21250C3D9}.AppStore|iPhone.ActiveCfg = Debug|Any CPU
		{D491E7AF-2BC0-466E-8F6E-3EF21250C3D9}.AppStore|iPhone.Build.0 = Debug|Any CPU
		{D491E7AF-2BC0-466E-8F6E-3EF21250C3D9}.Debug|Any CPU.ActiveCfg = Debug|Any CPU
		{D491E7AF-2BC0-466E-8F6E-3EF21250C3D9}.Debug|Any CPU.Build.0 = Debug|Any CPU
		{D491E7AF-2BC0-466E-8F6E-3EF21250C3D9}.Debug|ARM.ActiveCfg = Debug|Any CPU
		{D491E7AF-2BC0-466E-8F6E-3EF21250C3D9}.Debug|ARM.Build.0 = Debug|Any CPU
		{D491E7AF-2BC0-466E-8F6E-3EF21250C3D9}.Debug|ARM64.ActiveCfg = Debug|Any CPU
		{D491E7AF-2BC0-466E-8F6E-3EF21250C3D9}.Debug|ARM64.Build.0 = Debug|Any CPU
		{D491E7AF-2BC0-466E-8F6E-3EF21250C3D9}.Debug|iPhone.ActiveCfg = Debug|Any CPU
		{D491E7AF-2BC0-466E-8F6E-3EF21250C3D9}.Debug|iPhone.Build.0 = Debug|Any CPU
		{D491E7AF-2BC0-466E-8F6E-3EF21250C3D9}.Debug|iPhoneSimulator.ActiveCfg = Debug|Any CPU
		{D491E7AF-2BC0-466E-8F6E-3EF21250C3D9}.Debug|iPhoneSimulator.Build.0 = Debug|Any CPU
		{D491E7AF-2BC0-466E-8F6E-3EF21250C3D9}.Debug|x64.ActiveCfg = Debug|Any CPU
		{D491E7AF-2BC0-466E-8F6E-3EF21250C3D9}.Debug|x64.Build.0 = Debug|Any CPU
		{D491E7AF-2BC0-466E-8F6E-3EF21250C3D9}.Debug|x86.ActiveCfg = Debug|Any CPU
		{D491E7AF-2BC0-466E-8F6E-3EF21250C3D9}.Debug|x86.Build.0 = Debug|Any CPU
		{D491E7AF-2BC0-466E-8F6E-3EF21250C3D9}.Release|Any CPU.ActiveCfg = Release|Any CPU
		{D491E7AF-2BC0-466E-8F6E-3EF21250C3D9}.Release|Any CPU.Build.0 = Release|Any CPU
		{D491E7AF-2BC0-466E-8F6E-3EF21250C3D9}.Release|ARM.ActiveCfg = Release|Any CPU
		{D491E7AF-2BC0-466E-8F6E-3EF21250C3D9}.Release|ARM.Build.0 = Release|Any CPU
		{D491E7AF-2BC0-466E-8F6E-3EF21250C3D9}.Release|ARM64.ActiveCfg = Release|Any CPU
		{D491E7AF-2BC0-466E-8F6E-3EF21250C3D9}.Release|ARM64.Build.0 = Release|Any CPU
		{D491E7AF-2BC0-466E-8F6E-3EF21250C3D9}.Release|iPhone.ActiveCfg = Release|Any CPU
		{D491E7AF-2BC0-466E-8F6E-3EF21250C3D9}.Release|iPhone.Build.0 = Release|Any CPU
		{D491E7AF-2BC0-466E-8F6E-3EF21250C3D9}.Release|iPhoneSimulator.ActiveCfg = Release|Any CPU
		{D491E7AF-2BC0-466E-8F6E-3EF21250C3D9}.Release|iPhoneSimulator.Build.0 = Release|Any CPU
		{D491E7AF-2BC0-466E-8F6E-3EF21250C3D9}.Release|x64.ActiveCfg = Release|Any CPU
		{D491E7AF-2BC0-466E-8F6E-3EF21250C3D9}.Release|x64.Build.0 = Release|Any CPU
		{D491E7AF-2BC0-466E-8F6E-3EF21250C3D9}.Release|x86.ActiveCfg = Release|Any CPU
		{D491E7AF-2BC0-466E-8F6E-3EF21250C3D9}.Release|x86.Build.0 = Release|Any CPU
		{6279C845-92F8-4333-AB99-3D213163593C}.Ad-Hoc|iPhone.ActiveCfg = Ad-Hoc|iPhone
		{6279C845-92F8-4333-AB99-3D213163593C}.Ad-Hoc|iPhone.Build.0 = Ad-Hoc|iPhone
		{6279C845-92F8-4333-AB99-3D213163593C}.AppStore|iPhone.ActiveCfg = AppStore|iPhone
		{6279C845-92F8-4333-AB99-3D213163593C}.AppStore|iPhone.Build.0 = AppStore|iPhone
		{6279C845-92F8-4333-AB99-3D213163593C}.Debug|Any CPU.ActiveCfg = Debug|Any CPU
		{6279C845-92F8-4333-AB99-3D213163593C}.Debug|Any CPU.Build.0 = Debug|Any CPU
		{6279C845-92F8-4333-AB99-3D213163593C}.Debug|ARM.ActiveCfg = Debug|ARM
		{6279C845-92F8-4333-AB99-3D213163593C}.Debug|ARM.Build.0 = Debug|ARM
		{6279C845-92F8-4333-AB99-3D213163593C}.Debug|ARM64.ActiveCfg = Debug|ARM64
		{6279C845-92F8-4333-AB99-3D213163593C}.Debug|ARM64.Build.0 = Debug|ARM64
		{6279C845-92F8-4333-AB99-3D213163593C}.Debug|iPhone.ActiveCfg = Debug|iPhone
		{6279C845-92F8-4333-AB99-3D213163593C}.Debug|iPhone.Build.0 = Debug|iPhone
		{6279C845-92F8-4333-AB99-3D213163593C}.Debug|iPhoneSimulator.ActiveCfg = Debug|iPhoneSimulator
		{6279C845-92F8-4333-AB99-3D213163593C}.Debug|iPhoneSimulator.Build.0 = Debug|iPhoneSimulator
		{6279C845-92F8-4333-AB99-3D213163593C}.Debug|x64.ActiveCfg = Debug|x64
		{6279C845-92F8-4333-AB99-3D213163593C}.Debug|x64.Build.0 = Debug|x64
		{6279C845-92F8-4333-AB99-3D213163593C}.Debug|x86.ActiveCfg = Debug|x86
		{6279C845-92F8-4333-AB99-3D213163593C}.Debug|x86.Build.0 = Debug|x86
		{6279C845-92F8-4333-AB99-3D213163593C}.Release|Any CPU.ActiveCfg = Release|Any CPU
		{6279C845-92F8-4333-AB99-3D213163593C}.Release|Any CPU.Build.0 = Release|Any CPU
		{6279C845-92F8-4333-AB99-3D213163593C}.Release|ARM.ActiveCfg = Release|ARM
		{6279C845-92F8-4333-AB99-3D213163593C}.Release|ARM.Build.0 = Release|ARM
		{6279C845-92F8-4333-AB99-3D213163593C}.Release|ARM64.ActiveCfg = Release|ARM64
		{6279C845-92F8-4333-AB99-3D213163593C}.Release|ARM64.Build.0 = Release|ARM64
		{6279C845-92F8-4333-AB99-3D213163593C}.Release|iPhone.ActiveCfg = Release|iPhone
		{6279C845-92F8-4333-AB99-3D213163593C}.Release|iPhone.Build.0 = Release|iPhone
		{6279C845-92F8-4333-AB99-3D213163593C}.Release|iPhoneSimulator.ActiveCfg = Release|iPhoneSimulator
		{6279C845-92F8-4333-AB99-3D213163593C}.Release|iPhoneSimulator.Build.0 = Release|iPhoneSimulator
		{6279C845-92F8-4333-AB99-3D213163593C}.Release|x64.ActiveCfg = Release|x64
		{6279C845-92F8-4333-AB99-3D213163593C}.Release|x64.Build.0 = Release|x64
		{6279C845-92F8-4333-AB99-3D213163593C}.Release|x86.ActiveCfg = Release|x86
		{6279C845-92F8-4333-AB99-3D213163593C}.Release|x86.Build.0 = Release|x86
	EndGlobalSection
EndGlobal
